
Microsoft Visual Studio Solution File, Format Version 12.00
# Visual Studio Version 16
VisualStudioVersion = 16.0.30503.244
MinimumVisualStudioVersion = 10.0.40219.1
Project("{FAE04EC0-301F-11D3-BF4B-00C04F79EFBC}") = "PhotoEnhancer", "PhotoEnhancer\PhotoEnhancer.csproj", "{BE987489-821C-4C3A-88DC-D41AA151EB43}"
EndProject
Global
	GlobalSection(SolutionConfigurationPlatforms) = preSolution
		Debug|Any CPU = Debug|Any CPU
		Release|Any CPU = Release|Any CPU
	EndGlobalSection
	GlobalSection(ProjectConfigurationPlatforms) = postSolution
		{BE987489-821C-4C3A-88DC-D41AA151EB43}.Debug|Any CPU.ActiveCfg = Debug|Any CPU
		{BE987489-821C-4C3A-88DC-D41AA151EB43}.Debug|Any CPU.Build.0 = Debug|Any CPU
		{BE987489-821C-4C3A-88DC-D41AA151EB43}.Release|Any CPU.ActiveCfg = Release|Any CPU
		{BE987489-821C-4C3A-88DC-D41AA151EB43}.Release|Any CPU.Build.0 = Release|Any CPU
	EndGlobalSection
	GlobalSection(SolutionProperties) = preSolution
		HideSolutionNode = FALSE
	EndGlobalSection
	GlobalSection(ExtensibilityGlobals) = postSolution
		SolutionGuid = {28A041B3-1193-446F-9887-9A6D233B4260}
	EndGlobalSection
EndGlobal
