
Microsoft Visual Studio Solution File, Format Version 12.00
# Visual Studio Version 16
VisualStudioVersion = 16.0.31112.23
MinimumVisualStudioVersion = 10.0.40219.1
Project("{FAE04EC0-301F-11D3-BF4B-00C04F79EFBC}") = "ZPowerLibrary", "ZPowerLibrary\ZPowerLibrary.csproj", "{0B34AC79-5061-4B9C-912B-D5F7F3F59B20}"
EndProject
Project("{FAE04EC0-301F-11D3-BF4B-00C04F79EFBC}") = "ZPowerTestProject", "ZPowerTestProject\ZPowerTestProject.csproj", "{3E43AB36-10E4-4802-8DF8-7D708EE9AF7F}"
EndProject
Global
	GlobalSection(SolutionConfigurationPlatforms) = preSolution
		Debug|Any CPU = Debug|Any CPU
		Release|Any CPU = Release|Any CPU
	EndGlobalSection
	GlobalSection(ProjectConfigurationPlatforms) = postSolution
		{0B34AC79-5061-4B9C-912B-D5F7F3F59B20}.Debug|Any CPU.ActiveCfg = Debug|Any CPU
		{0B34AC79-5061-4B9C-912B-D5F7F3F59B20}.Debug|Any CPU.Build.0 = Debug|Any CPU
		{0B34AC79-5061-4B9C-912B-D5F7F3F59B20}.Release|Any CPU.ActiveCfg = Release|Any CPU
		{0B34AC79-5061-4B9C-912B-D5F7F3F59B20}.Release|Any CPU.Build.0 = Release|Any CPU
		{3E43AB36-10E4-4802-8DF8-7D708EE9AF7F}.Debug|Any CPU.ActiveCfg = Debug|Any CPU
		{3E43AB36-10E4-4802-8DF8-7D708EE9AF7F}.Debug|Any CPU.Build.0 = Debug|Any CPU
		{3E43AB36-10E4-4802-8DF8-7D708EE9AF7F}.Release|Any CPU.ActiveCfg = Release|Any CPU
		{3E43AB36-10E4-4802-8DF8-7D708EE9AF7F}.Release|Any CPU.Build.0 = Release|Any CPU
	EndGlobalSection
	GlobalSection(SolutionProperties) = preSolution
		HideSolutionNode = FALSE
	EndGlobalSection
	GlobalSection(ExtensibilityGlobals) = postSolution
		SolutionGuid = {214F7A59-D246-4AC9-9860-6F536D402EA2}
	EndGlobalSection
EndGlobal
